
Microsoft Visual Studio Solution File, Format Version 12.00
# Visual Studio Version 17
VisualStudioVersion = 17.7.34202.233
MinimumVisualStudioVersion = 10.0.40219.1
Project("{FAE04EC0-301F-11D3-BF4B-00C04F79EFBC}") = "Prueba_login_pro", "Prueba_login_pro\Prueba_login_pro.csproj", "{D240FEF2-D846-40B9-B8FE-0FEE542CE11D}"
EndProject
Global
	GlobalSection(SolutionConfigurationPlatforms) = preSolution
		Debug|Any CPU = Debug|Any CPU
		Release|Any CPU = Release|Any CPU
	EndGlobalSection
	GlobalSection(ProjectConfigurationPlatforms) = postSolution
		{D240FEF2-D846-40B9-B8FE-0FEE542CE11D}.Debug|Any CPU.ActiveCfg = Debug|Any CPU
		{D240FEF2-D846-40B9-B8FE-0FEE542CE11D}.Debug|Any CPU.Build.0 = Debug|Any CPU
		{D240FEF2-D846-40B9-B8FE-0FEE542CE11D}.Release|Any CPU.ActiveCfg = Release|Any CPU
		{D240FEF2-D846-40B9-B8FE-0FEE542CE11D}.Release|Any CPU.Build.0 = Release|Any CPU
	EndGlobalSection
	GlobalSection(SolutionProperties) = preSolution
		HideSolutionNode = FALSE
	EndGlobalSection
	GlobalSection(ExtensibilityGlobals) = postSolution
		SolutionGuid = {EEBC8EE1-CEBB-4BBE-9C92-9BD5781CB6C3}
	EndGlobalSection
EndGlobal
